
Microsoft Visual Studio Solution File, Format Version 12.00
# Visual Studio Version 16
VisualStudioVersion = 16.0.31729.503
MinimumVisualStudioVersion = 10.0.40219.1
Project("{FAE04EC0-301F-11D3-BF4B-00C04F79EFBC}") = "URI1044", "URI1044\URI1044.csproj", "{0FD2699B-FAA8-4BD1-8999-50FC7DB98A4F}"
EndProject
Global
	GlobalSection(SolutionConfigurationPlatforms) = preSolution
		Debug|Any CPU = Debug|Any CPU
		Release|Any CPU = Release|Any CPU
	EndGlobalSection
	GlobalSection(ProjectConfigurationPlatforms) = postSolution
		{0FD2699B-FAA8-4BD1-8999-50FC7DB98A4F}.Debug|Any CPU.ActiveCfg = Debug|Any CPU
		{0FD2699B-FAA8-4BD1-8999-50FC7DB98A4F}.Debug|Any CPU.Build.0 = Debug|Any CPU
		{0FD2699B-FAA8-4BD1-8999-50FC7DB98A4F}.Release|Any CPU.ActiveCfg = Release|Any CPU
		{0FD2699B-FAA8-4BD1-8999-50FC7DB98A4F}.Release|Any CPU.Build.0 = Release|Any CPU
	EndGlobalSection
	GlobalSection(SolutionProperties) = preSolution
		HideSolutionNode = FALSE
	EndGlobalSection
	GlobalSection(ExtensibilityGlobals) = postSolution
		SolutionGuid = {2FFBEB4F-062E-4C0C-8A3D-F274D19C4F5E}
	EndGlobalSection
EndGlobal
