
Microsoft Visual Studio Solution File, Format Version 12.00
# Visual Studio Version 16
VisualStudioVersion = 16.0.31424.327
MinimumVisualStudioVersion = 10.0.40219.1
Project("{FAE04EC0-301F-11D3-BF4B-00C04F79EFBC}") = "URI1011", "URI1011\URI1011.csproj", "{098AAF8C-B299-4603-9B1A-79AC24950981}"
EndProject
Global
	GlobalSection(SolutionConfigurationPlatforms) = preSolution
		Debug|Any CPU = Debug|Any CPU
		Release|Any CPU = Release|Any CPU
	EndGlobalSection
	GlobalSection(ProjectConfigurationPlatforms) = postSolution
		{098AAF8C-B299-4603-9B1A-79AC24950981}.Debug|Any CPU.ActiveCfg = Debug|Any CPU
		{098AAF8C-B299-4603-9B1A-79AC24950981}.Debug|Any CPU.Build.0 = Debug|Any CPU
		{098AAF8C-B299-4603-9B1A-79AC24950981}.Release|Any CPU.ActiveCfg = Release|Any CPU
		{098AAF8C-B299-4603-9B1A-79AC24950981}.Release|Any CPU.Build.0 = Release|Any CPU
	EndGlobalSection
	GlobalSection(SolutionProperties) = preSolution
		HideSolutionNode = FALSE
	EndGlobalSection
	GlobalSection(ExtensibilityGlobals) = postSolution
		SolutionGuid = {956B7BE3-F6FD-4766-BB98-3A8C561B1AA8}
	EndGlobalSection
EndGlobal
