
Microsoft Visual Studio Solution File, Format Version 12.00
# Visual Studio Version 16
VisualStudioVersion = 16.0.31729.503
MinimumVisualStudioVersion = 10.0.40219.1
Project("{FAE04EC0-301F-11D3-BF4B-00C04F79EFBC}") = "URI1050", "URI1050\URI1050.csproj", "{830FCFA2-F76F-466D-BE1D-1E09DF079F80}"
EndProject
Global
	GlobalSection(SolutionConfigurationPlatforms) = preSolution
		Debug|Any CPU = Debug|Any CPU
		Release|Any CPU = Release|Any CPU
	EndGlobalSection
	GlobalSection(ProjectConfigurationPlatforms) = postSolution
		{830FCFA2-F76F-466D-BE1D-1E09DF079F80}.Debug|Any CPU.ActiveCfg = Debug|Any CPU
		{830FCFA2-F76F-466D-BE1D-1E09DF079F80}.Debug|Any CPU.Build.0 = Debug|Any CPU
		{830FCFA2-F76F-466D-BE1D-1E09DF079F80}.Release|Any CPU.ActiveCfg = Release|Any CPU
		{830FCFA2-F76F-466D-BE1D-1E09DF079F80}.Release|Any CPU.Build.0 = Release|Any CPU
	EndGlobalSection
	GlobalSection(SolutionProperties) = preSolution
		HideSolutionNode = FALSE
	EndGlobalSection
	GlobalSection(ExtensibilityGlobals) = postSolution
		SolutionGuid = {EABD9864-C4CD-4861-AFBC-F134CFAFB2E7}
	EndGlobalSection
EndGlobal
