
Microsoft Visual Studio Solution File, Format Version 12.00
# Visual Studio Version 16
VisualStudioVersion = 16.0.31424.327
MinimumVisualStudioVersion = 10.0.40219.1
Project("{FAE04EC0-301F-11D3-BF4B-00C04F79EFBC}") = "URI1042", "URI1042\URI1042.csproj", "{1E96CB3D-B086-4E92-8B74-83C9FE340042}"
EndProject
Global
	GlobalSection(SolutionConfigurationPlatforms) = preSolution
		Debug|Any CPU = Debug|Any CPU
		Release|Any CPU = Release|Any CPU
	EndGlobalSection
	GlobalSection(ProjectConfigurationPlatforms) = postSolution
		{1E96CB3D-B086-4E92-8B74-83C9FE340042}.Debug|Any CPU.ActiveCfg = Debug|Any CPU
		{1E96CB3D-B086-4E92-8B74-83C9FE340042}.Debug|Any CPU.Build.0 = Debug|Any CPU
		{1E96CB3D-B086-4E92-8B74-83C9FE340042}.Release|Any CPU.ActiveCfg = Release|Any CPU
		{1E96CB3D-B086-4E92-8B74-83C9FE340042}.Release|Any CPU.Build.0 = Release|Any CPU
	EndGlobalSection
	GlobalSection(SolutionProperties) = preSolution
		HideSolutionNode = FALSE
	EndGlobalSection
	GlobalSection(ExtensibilityGlobals) = postSolution
		SolutionGuid = {273EC4D0-2044-4464-86B2-13AE9CE68935}
	EndGlobalSection
EndGlobal
