
Microsoft Visual Studio Solution File, Format Version 12.00
# Visual Studio Version 16
VisualStudioVersion = 16.0.31424.327
MinimumVisualStudioVersion = 10.0.40219.1
Project("{FAE04EC0-301F-11D3-BF4B-00C04F79EFBC}") = "URI1018", "URI1018\URI1018.csproj", "{64214CFB-CF9F-4175-A993-5C8AF9B94215}"
EndProject
Global
	GlobalSection(SolutionConfigurationPlatforms) = preSolution
		Debug|Any CPU = Debug|Any CPU
		Release|Any CPU = Release|Any CPU
	EndGlobalSection
	GlobalSection(ProjectConfigurationPlatforms) = postSolution
		{64214CFB-CF9F-4175-A993-5C8AF9B94215}.Debug|Any CPU.ActiveCfg = Debug|Any CPU
		{64214CFB-CF9F-4175-A993-5C8AF9B94215}.Debug|Any CPU.Build.0 = Debug|Any CPU
		{64214CFB-CF9F-4175-A993-5C8AF9B94215}.Release|Any CPU.ActiveCfg = Release|Any CPU
		{64214CFB-CF9F-4175-A993-5C8AF9B94215}.Release|Any CPU.Build.0 = Release|Any CPU
	EndGlobalSection
	GlobalSection(SolutionProperties) = preSolution
		HideSolutionNode = FALSE
	EndGlobalSection
	GlobalSection(ExtensibilityGlobals) = postSolution
		SolutionGuid = {7299BF0F-52D9-412D-8EA1-48609A380909}
	EndGlobalSection
EndGlobal
